
Microsoft Visual Studio Solution File, Format Version 12.00
# Visual Studio Version 17
VisualStudioVersion = 17.0.32126.317
MinimumVisualStudioVersion = 10.0.40219.1
Project("{FAE04EC0-301F-11D3-BF4B-00C04F79EFBC}") = "PicApp.Android", "PicApp\PicApp.Android\PicApp.Android.csproj", "{12B15FBF-4701-4490-AC4C-F2E92971B36E}"
EndProject
Project("{FAE04EC0-301F-11D3-BF4B-00C04F79EFBC}") = "PicApp.iOS", "PicApp\PicApp.iOS\PicApp.iOS.csproj", "{0C942A1C-BF50-443D-876B-C50367C911E3}"
EndProject
Project("{FAE04EC0-301F-11D3-BF4B-00C04F79EFBC}") = "PicApp", "PicApp\PicApp\PicApp.csproj", "{CF4AD078-3EF1-4480-8CC6-3E46D1A37BA0}"
EndProject
Global
	GlobalSection(SolutionConfigurationPlatforms) = preSolution
		Debug|Any CPU = Debug|Any CPU
		Debug|iPhone = Debug|iPhone
		Debug|iPhoneSimulator = Debug|iPhoneSimulator
		Release|Any CPU = Release|Any CPU
		Release|iPhone = Release|iPhone
		Release|iPhoneSimulator = Release|iPhoneSimulator
	EndGlobalSection
	GlobalSection(ProjectConfigurationPlatforms) = postSolution
		{12B15FBF-4701-4490-AC4C-F2E92971B36E}.Debug|Any CPU.ActiveCfg = Debug|Any CPU
		{12B15FBF-4701-4490-AC4C-F2E92971B36E}.Debug|Any CPU.Build.0 = Debug|Any CPU
		{12B15FBF-4701-4490-AC4C-F2E92971B36E}.Debug|Any CPU.Deploy.0 = Debug|Any CPU
		{12B15FBF-4701-4490-AC4C-F2E92971B36E}.Debug|iPhone.ActiveCfg = Debug|Any CPU
		{12B15FBF-4701-4490-AC4C-F2E92971B36E}.Debug|iPhone.Build.0 = Debug|Any CPU
		{12B15FBF-4701-4490-AC4C-F2E92971B36E}.Debug|iPhone.Deploy.0 = Debug|Any CPU
		{12B15FBF-4701-4490-AC4C-F2E92971B36E}.Debug|iPhoneSimulator.ActiveCfg = Debug|Any CPU
		{12B15FBF-4701-4490-AC4C-F2E92971B36E}.Debug|iPhoneSimulator.Build.0 = Debug|Any CPU
		{12B15FBF-4701-4490-AC4C-F2E92971B36E}.Debug|iPhoneSimulator.Deploy.0 = Debug|Any CPU
		{12B15FBF-4701-4490-AC4C-F2E92971B36E}.Release|Any CPU.ActiveCfg = Release|Any CPU
		{12B15FBF-4701-4490-AC4C-F2E92971B36E}.Release|Any CPU.Build.0 = Release|Any CPU
		{12B15FBF-4701-4490-AC4C-F2E92971B36E}.Release|Any CPU.Deploy.0 = Release|Any CPU
		{12B15FBF-4701-4490-AC4C-F2E92971B36E}.Release|iPhone.ActiveCfg = Release|Any CPU
		{12B15FBF-4701-4490-AC4C-F2E92971B36E}.Release|iPhone.Build.0 = Release|Any CPU
		{12B15FBF-4701-4490-AC4C-F2E92971B36E}.Release|iPhone.Deploy.0 = Release|Any CPU
		{12B15FBF-4701-4490-AC4C-F2E92971B36E}.Release|iPhoneSimulator.ActiveCfg = Release|Any CPU
		{12B15FBF-4701-4490-AC4C-F2E92971B36E}.Release|iPhoneSimulator.Build.0 = Release|Any CPU
		{12B15FBF-4701-4490-AC4C-F2E92971B36E}.Release|iPhoneSimulator.Deploy.0 = Release|Any CPU
		{0C942A1C-BF50-443D-876B-C50367C911E3}.Debug|Any CPU.ActiveCfg = Debug|iPhone
		{0C942A1C-BF50-443D-876B-C50367C911E3}.Debug|Any CPU.Build.0 = Debug|iPhone
		{0C942A1C-BF50-443D-876B-C50367C911E3}.Debug|Any CPU.Deploy.0 = Debug|iPhone
		{0C942A1C-BF50-443D-876B-C50367C911E3}.Debug|iPhone.ActiveCfg = Debug|iPhone
		{0C942A1C-BF50-443D-876B-C50367C911E3}.Debug|iPhone.Build.0 = Debug|iPhone
		{0C942A1C-BF50-443D-876B-C50367C911E3}.Debug|iPhone.Deploy.0 = Debug|iPhone
		{0C942A1C-BF50-443D-876B-C50367C911E3}.Debug|iPhoneSimulator.ActiveCfg = Debug|iPhoneSimulator
		{0C942A1C-BF50-443D-876B-C50367C911E3}.Debug|iPhoneSimulator.Build.0 = Debug|iPhoneSimulator
		{0C942A1C-BF50-443D-876B-C50367C911E3}.Debug|iPhoneSimulator.Deploy.0 = Debug|iPhoneSimulator
		{0C942A1C-BF50-443D-876B-C50367C911E3}.Release|Any CPU.ActiveCfg = Release|iPhoneSimulator
		{0C942A1C-BF50-443D-876B-C50367C911E3}.Release|Any CPU.Build.0 = Release|iPhoneSimulator
		{0C942A1C-BF50-443D-876B-C50367C911E3}.Release|Any CPU.Deploy.0 = Release|iPhoneSimulator
		{0C942A1C-BF50-443D-876B-C50367C911E3}.Release|iPhone.ActiveCfg = Release|iPhone
		{0C942A1C-BF50-443D-876B-C50367C911E3}.Release|iPhone.Build.0 = Release|iPhone
		{0C942A1C-BF50-443D-876B-C50367C911E3}.Release|iPhone.Deploy.0 = Release|iPhone
		{0C942A1C-BF50-443D-876B-C50367C911E3}.Release|iPhoneSimulator.ActiveCfg = Release|iPhoneSimulator
		{0C942A1C-BF50-443D-876B-C50367C911E3}.Release|iPhoneSimulator.Build.0 = Release|iPhoneSimulator
		{0C942A1C-BF50-443D-876B-C50367C911E3}.Release|iPhoneSimulator.Deploy.0 = Release|iPhoneSimulator
		{CF4AD078-3EF1-4480-8CC6-3E46D1A37BA0}.Debug|Any CPU.ActiveCfg = Debug|Any CPU
		{CF4AD078-3EF1-4480-8CC6-3E46D1A37BA0}.Debug|Any CPU.Build.0 = Debug|Any CPU
		{CF4AD078-3EF1-4480-8CC6-3E46D1A37BA0}.Debug|Any CPU.Deploy.0 = Debug|Any CPU
		{CF4AD078-3EF1-4480-8CC6-3E46D1A37BA0}.Debug|iPhone.ActiveCfg = Debug|Any CPU
		{CF4AD078-3EF1-4480-8CC6-3E46D1A37BA0}.Debug|iPhone.Build.0 = Debug|Any CPU
		{CF4AD078-3EF1-4480-8CC6-3E46D1A37BA0}.Debug|iPhone.Deploy.0 = Debug|Any CPU
		{CF4AD078-3EF1-4480-8CC6-3E46D1A37BA0}.Debug|iPhoneSimulator.ActiveCfg = Debug|Any CPU
		{CF4AD078-3EF1-4480-8CC6-3E46D1A37BA0}.Debug|iPhoneSimulator.Build.0 = Debug|Any CPU
		{CF4AD078-3EF1-4480-8CC6-3E46D1A37BA0}.Debug|iPhoneSimulator.Deploy.0 = Debug|Any CPU
		{CF4AD078-3EF1-4480-8CC6-3E46D1A37BA0}.Release|Any CPU.ActiveCfg = Release|Any CPU
		{CF4AD078-3EF1-4480-8CC6-3E46D1A37BA0}.Release|Any CPU.Build.0 = Release|Any CPU
		{CF4AD078-3EF1-4480-8CC6-3E46D1A37BA0}.Release|Any CPU.Deploy.0 = Release|Any CPU
		{CF4AD078-3EF1-4480-8CC6-3E46D1A37BA0}.Release|iPhone.ActiveCfg = Release|Any CPU
		{CF4AD078-3EF1-4480-8CC6-3E46D1A37BA0}.Release|iPhone.Build.0 = Release|Any CPU
		{CF4AD078-3EF1-4480-8CC6-3E46D1A37BA0}.Release|iPhone.Deploy.0 = Release|Any CPU
		{CF4AD078-3EF1-4480-8CC6-3E46D1A37BA0}.Release|iPhoneSimulator.ActiveCfg = Release|Any CPU
		{CF4AD078-3EF1-4480-8CC6-3E46D1A37BA0}.Release|iPhoneSimulator.Build.0 = Release|Any CPU
		{CF4AD078-3EF1-4480-8CC6-3E46D1A37BA0}.Release|iPhoneSimulator.Deploy.0 = Release|Any CPU
	EndGlobalSection
	GlobalSection(SolutionProperties) = preSolution
		HideSolutionNode = FALSE
	EndGlobalSection
	GlobalSection(ExtensibilityGlobals) = postSolution
		SolutionGuid = {97FDDD26-0393-4491-9DF0-FBB0073A7C6D}
	EndGlobalSection
EndGlobal
